
Microsoft Visual Studio Solution File, Format Version 12.00
# Visual Studio Version 17
VisualStudioVersion = 17.14.36414.22 d17.14
MinimumVisualStudioVersion = 10.0.40219.1
Project("{FAE04EC0-301F-11D3-BF4B-00C04F79EFBC}") = "OpenLibraryServerAsync", "OpenLibraryServerAsync\OpenLibraryServerAsync.csproj", "{C03F395C-BCAD-4698-8F40-B403A80992B4}"
EndProject
Global
	GlobalSection(SolutionConfigurationPlatforms) = preSolution
		Debug|Any CPU = Debug|Any CPU
		Release|Any CPU = Release|Any CPU
	EndGlobalSection
	GlobalSection(ProjectConfigurationPlatforms) = postSolution
		{C03F395C-BCAD-4698-8F40-B403A80992B4}.Debug|Any CPU.ActiveCfg = Debug|Any CPU
		{C03F395C-BCAD-4698-8F40-B403A80992B4}.Debug|Any CPU.Build.0 = Debug|Any CPU
		{C03F395C-BCAD-4698-8F40-B403A80992B4}.Release|Any CPU.ActiveCfg = Release|Any CPU
		{C03F395C-BCAD-4698-8F40-B403A80992B4}.Release|Any CPU.Build.0 = Release|Any CPU
	EndGlobalSection
	GlobalSection(SolutionProperties) = preSolution
		HideSolutionNode = FALSE
	EndGlobalSection
	GlobalSection(ExtensibilityGlobals) = postSolution
		SolutionGuid = {4857858F-3154-457D-87EE-5446C4CCD402}
	EndGlobalSection
EndGlobal
